
Microsoft Visual Studio Solution File, Format Version 12.00
# Visual Studio Version 17
VisualStudioVersion = 17.0.32014.148
MinimumVisualStudioVersion = 10.0.40219.1
Project("{FAE04EC0-301F-11D3-BF4B-00C04F79EFBC}") = "Problem24-ProjectEuler", "Problem24-ProjectEuler\Problem24-ProjectEuler.csproj", "{56E63263-B864-4462-88E4-FAE71C35253A}"
EndProject
Global
	GlobalSection(SolutionConfigurationPlatforms) = preSolution
		Debug|Any CPU = Debug|Any CPU
		Release|Any CPU = Release|Any CPU
	EndGlobalSection
	GlobalSection(ProjectConfigurationPlatforms) = postSolution
		{56E63263-B864-4462-88E4-FAE71C35253A}.Debug|Any CPU.ActiveCfg = Debug|Any CPU
		{56E63263-B864-4462-88E4-FAE71C35253A}.Debug|Any CPU.Build.0 = Debug|Any CPU
		{56E63263-B864-4462-88E4-FAE71C35253A}.Release|Any CPU.ActiveCfg = Release|Any CPU
		{56E63263-B864-4462-88E4-FAE71C35253A}.Release|Any CPU.Build.0 = Release|Any CPU
	EndGlobalSection
	GlobalSection(SolutionProperties) = preSolution
		HideSolutionNode = FALSE
	EndGlobalSection
	GlobalSection(ExtensibilityGlobals) = postSolution
		SolutionGuid = {09C2B56E-D04B-4350-8857-9CDCEB316E13}
	EndGlobalSection
EndGlobal
